
Microsoft Visual Studio Solution File, Format Version 12.00
# Visual Studio Version 17
VisualStudioVersion = 17.4.33213.308
MinimumVisualStudioVersion = 10.0.40219.1
Project("{FAE04EC0-301F-11D3-BF4B-00C04F79EFBC}") = "DAT", "DAT\DAT.csproj", "{9004BE42-998B-49DA-8DF7-A71798C9A7A9}"
EndProject
Project("{FAE04EC0-301F-11D3-BF4B-00C04F79EFBC}") = "TestModel", "TestModel\TestModel.csproj", "{905788E8-0F6F-459C-BE5C-95676E2928C5}"
EndProject
Project("{FAE04EC0-301F-11D3-BF4B-00C04F79EFBC}") = "MemoryModels", "MemoryModels\MemoryModels.csproj", "{6E24831D-7DF6-4319-B169-7B984C883426}"
EndProject
Global
	GlobalSection(SolutionConfigurationPlatforms) = preSolution
		Debug|Any CPU = Debug|Any CPU
		Release|Any CPU = Release|Any CPU
	EndGlobalSection
	GlobalSection(ProjectConfigurationPlatforms) = postSolution
		{9004BE42-998B-49DA-8DF7-A71798C9A7A9}.Debug|Any CPU.ActiveCfg = Debug|Any CPU
		{9004BE42-998B-49DA-8DF7-A71798C9A7A9}.Debug|Any CPU.Build.0 = Debug|Any CPU
		{9004BE42-998B-49DA-8DF7-A71798C9A7A9}.Release|Any CPU.ActiveCfg = Release|Any CPU
		{9004BE42-998B-49DA-8DF7-A71798C9A7A9}.Release|Any CPU.Build.0 = Release|Any CPU
		{905788E8-0F6F-459C-BE5C-95676E2928C5}.Debug|Any CPU.ActiveCfg = Debug|Any CPU
		{905788E8-0F6F-459C-BE5C-95676E2928C5}.Debug|Any CPU.Build.0 = Debug|Any CPU
		{905788E8-0F6F-459C-BE5C-95676E2928C5}.Release|Any CPU.ActiveCfg = Release|Any CPU
		{905788E8-0F6F-459C-BE5C-95676E2928C5}.Release|Any CPU.Build.0 = Release|Any CPU
		{6E24831D-7DF6-4319-B169-7B984C883426}.Debug|Any CPU.ActiveCfg = Debug|Any CPU
		{6E24831D-7DF6-4319-B169-7B984C883426}.Debug|Any CPU.Build.0 = Debug|Any CPU
		{6E24831D-7DF6-4319-B169-7B984C883426}.Release|Any CPU.ActiveCfg = Release|Any CPU
		{6E24831D-7DF6-4319-B169-7B984C883426}.Release|Any CPU.Build.0 = Release|Any CPU
	EndGlobalSection
	GlobalSection(SolutionProperties) = preSolution
		HideSolutionNode = FALSE
	EndGlobalSection
	GlobalSection(ExtensibilityGlobals) = postSolution
		SolutionGuid = {749F2CB1-2807-4777-A98A-5DA0645550DB}
	EndGlobalSection
EndGlobal
